// !$*UTF8*$!
{
	archiveVersion = 1;
	classes = {
	};
	objectVersion = 56;
	objects = {

/* Begin PBXBuildFile section */
		86A724762D7D212B00FDEFDD /* OtherAppsGeneral.xcstrings in Resources */ = {isa = PBXBuildFile; fileRef = 86A724752D7D212B00FDEFDD /* OtherAppsGeneral.xcstrings */; };
		86F388482B9DEBFD001B93E3 /* OtherAppsApp.swift in Sources */ = {isa = PBXBuildFile; fileRef = 86F388472B9DEBFD001B93E3 /* OtherAppsApp.swift */; };
		86F3884C2B9DEBFF001B93E3 /* Assets.xcassets in Resources */ = {isa = PBXBuildFile; fileRef = 86F3884B2B9DEBFF001B93E3 /* Assets.xcassets */; };
		86F388502B9DEBFF001B93E3 /* Preview Assets.xcassets in Resources */ = {isa = PBXBuildFile; fileRef = 86F3884F2B9DEBFF001B93E3 /* Preview Assets.xcassets */; };
		86F388572B9DEC2C001B93E3 /* OtherApps.xcassets in Resources */ = {isa = PBXBuildFile; fileRef = 86F388562B9DEC2C001B93E3 /* OtherApps.xcassets */; };
		86F388592B9DEC66001B93E3 /* OtherApps.xcstrings in Resources */ = {isa = PBXBuildFile; fileRef = 86F388582B9DEC66001B93E3 /* OtherApps.xcstrings */; };
		86F3885D2B9DECD9001B93E3 /* OtherAppsView.swift in Sources */ = {isa = PBXBuildFile; fileRef = 86F3885C2B9DECD9001B93E3 /* OtherAppsView.swift */; };
/* End PBXBuildFile section */

/* Begin PBXFileReference section */
		86A724752D7D212B00FDEFDD /* OtherAppsGeneral.xcstrings */ = {isa = PBXFileReference; lastKnownFileType = text.json.xcstrings; path = OtherAppsGeneral.xcstrings; sourceTree = "<group>"; };
		86F388442B9DEBFD001B93E3 /* OtherApps.app */ = {isa = PBXFileReference; explicitFileType = wrapper.application; includeInIndex = 0; path = OtherApps.app; sourceTree = BUILT_PRODUCTS_DIR; };
		86F388472B9DEBFD001B93E3 /* OtherAppsApp.swift */ = {isa = PBXFileReference; lastKnownFileType = sourcecode.swift; path = OtherAppsApp.swift; sourceTree = "<group>"; };
		86F3884B2B9DEBFF001B93E3 /* Assets.xcassets */ = {isa = PBXFileReference; lastKnownFileType = folder.assetcatalog; path = Assets.xcassets; sourceTree = "<group>"; };
		86F3884D2B9DEBFF001B93E3 /* OtherApps.entitlements */ = {isa = PBXFileReference; lastKnownFileType = text.plist.entitlements; path = OtherApps.entitlements; sourceTree = "<group>"; };
		86F3884F2B9DEBFF001B93E3 /* Preview Assets.xcassets */ = {isa = PBXFileReference; lastKnownFileType = folder.assetcatalog; path = "Preview Assets.xcassets"; sourceTree = "<group>"; };
		86F388562B9DEC2C001B93E3 /* OtherApps.xcassets */ = {isa = PBXFileReference; lastKnownFileType = folder.assetcatalog; path = OtherApps.xcassets; sourceTree = "<group>"; };
		86F388582B9DEC66001B93E3 /* OtherApps.xcstrings */ = {isa = PBXFileReference; lastKnownFileType = text.json.xcstrings; path = OtherApps.xcstrings; sourceTree = "<group>"; };
		86F3885C2B9DECD9001B93E3 /* OtherAppsView.swift */ = {isa = PBXFileReference; lastKnownFileType = sourcecode.swift; path = OtherAppsView.swift; sourceTree = "<group>"; };
/* End PBXFileReference section */

/* Begin PBXFrameworksBuildPhase section */
		86F388412B9DEBFD001B93E3 /* Frameworks */ = {
			isa = PBXFrameworksBuildPhase;
			buildActionMask = 2147483647;
			files = (
			);
			runOnlyForDeploymentPostprocessing = 0;
		};
/* End PBXFrameworksBuildPhase section */

/* Begin PBXGroup section */
		86F3883B2B9DEBFD001B93E3 = {
			isa = PBXGroup;
			children = (
				86F388462B9DEBFD001B93E3 /* OtherApps */,
				86F388452B9DEBFD001B93E3 /* Products */,
			);
			sourceTree = "<group>";
		};
		86F388452B9DEBFD001B93E3 /* Products */ = {
			isa = PBXGroup;
			children = (
				86F388442B9DEBFD001B93E3 /* OtherApps.app */,
			);
			name = Products;
			sourceTree = "<group>";
		};
		86F388462B9DEBFD001B93E3 /* OtherApps */ = {
			isa = PBXGroup;
			children = (
				86F388472B9DEBFD001B93E3 /* OtherAppsApp.swift */,
				86F3885C2B9DECD9001B93E3 /* OtherAppsView.swift */,
				86F388562B9DEC2C001B93E3 /* OtherApps.xcassets */,
				86F388582B9DEC66001B93E3 /* OtherApps.xcstrings */,
				86A724752D7D212B00FDEFDD /* OtherAppsGeneral.xcstrings */,
				86F3884B2B9DEBFF001B93E3 /* Assets.xcassets */,
				86F3884D2B9DEBFF001B93E3 /* OtherApps.entitlements */,
				86F3884E2B9DEBFF001B93E3 /* Preview Content */,
			);
			path = OtherApps;
			sourceTree = "<group>";
		};
		86F3884E2B9DEBFF001B93E3 /* Preview Content */ = {
			isa = PBXGroup;
			children = (
				86F3884F2B9DEBFF001B93E3 /* Preview Assets.xcassets */,
			);
			path = "Preview Content";
			sourceTree = "<group>";
		};
/* End PBXGroup section */

/* Begin PBXNativeTarget section */
		86F388432B9DEBFD001B93E3 /* OtherApps */ = {
			isa = PBXNativeTarget;
			buildConfigurationList = 86F388532B9DEBFF001B93E3 /* Build configuration list for PBXNativeTarget "OtherApps" */;
			buildPhases = (
				86F388402B9DEBFD001B93E3 /* Sources */,
				86F388412B9DEBFD001B93E3 /* Frameworks */,
				86F388422B9DEBFD001B93E3 /* Resources */,
			);
			buildRules = (
			);
			dependencies = (
			);
			name = OtherApps;
			productName = OtherApps;
			productReference = 86F388442B9DEBFD001B93E3 /* OtherApps.app */;
			productType = "com.apple.product-type.application";
		};
/* End PBXNativeTarget section */

/* Begin PBXProject section */
		86F3883C2B9DEBFD001B93E3 /* Project object */ = {
			isa = PBXProject;
			attributes = {
				BuildIndependentTargetsInParallel = 1;
				LastSwiftUpdateCheck = 1520;
				LastUpgradeCheck = 1520;
				TargetAttributes = {
					86F388432B9DEBFD001B93E3 = {
						CreatedOnToolsVersion = 15.2;
					};
				};
			};
			buildConfigurationList = 86F3883F2B9DEBFD001B93E3 /* Build configuration list for PBXProject "OtherApps" */;
			compatibilityVersion = "Xcode 14.0";
			developmentRegion = en;
			hasScannedForEncodings = 0;
			knownRegions = (
				en,
				Base,
				ja,
			);
			mainGroup = 86F3883B2B9DEBFD001B93E3;
			productRefGroup = 86F388452B9DEBFD001B93E3 /* Products */;
			projectDirPath = "";
			projectRoot = "";
			targets = (
				86F388432B9DEBFD001B93E3 /* OtherApps */,
			);
		};
/* End PBXProject section */

/* Begin PBXResourcesBuildPhase section */
		86F388422B9DEBFD001B93E3 /* Resources */ = {
			isa = PBXResourcesBuildPhase;
			buildActionMask = 2147483647;
			files = (
				86F388592B9DEC66001B93E3 /* OtherApps.xcstrings in Resources */,
				86F388502B9DEBFF001B93E3 /* Preview Assets.xcassets in Resources */,
				86A724762D7D212B00FDEFDD /* OtherAppsGeneral.xcstrings in Resources */,
				86F3884C2B9DEBFF001B93E3 /* Assets.xcassets in Resources */,
				86F388572B9DEC2C001B93E3 /* OtherApps.xcassets in Resources */,
			);
			runOnlyForDeploymentPostprocessing = 0;
		};
/* End PBXResourcesBuildPhase section */

/* Begin PBXSourcesBuildPhase section */
		86F388402B9DEBFD001B93E3 /* Sources */ = {
			isa = PBXSourcesBuildPhase;
			buildActionMask = 2147483647;
			files = (
				86F388482B9DEBFD001B93E3 /* OtherAppsApp.swift in Sources */,
				86F3885D2B9DECD9001B93E3 /* OtherAppsView.swift in Sources */,
			);
			runOnlyForDeploymentPostprocessing = 0;
		};
/* End PBXSourcesBuildPhase section */

/* Begin XCBuildConfiguration section */
		86F388512B9DEBFF001B93E3 /* Debug */ = {
			isa = XCBuildConfiguration;
			buildSettings = {
				ALWAYS_SEARCH_USER_PATHS = NO;
				ASSETCATALOG_COMPILER_GENERATE_SWIFT_ASSET_SYMBOL_EXTENSIONS = YES;
				CLANG_ANALYZER_NONNULL = YES;
				CLANG_ANALYZER_NUMBER_OBJECT_CONVERSION = YES_AGGRESSIVE;
				CLANG_CXX_LANGUAGE_STANDARD = "gnu++20";
				CLANG_ENABLE_MODULES = YES;
				CLANG_ENABLE_OBJC_ARC = YES;
				CLANG_ENABLE_OBJC_WEAK = YES;
				CLANG_WARN_BLOCK_CAPTURE_AUTORELEASING = YES;
				CLANG_WARN_BOOL_CONVERSION = YES;
				CLANG_WARN_COMMA = YES;
				CLANG_WARN_CONSTANT_CONVERSION = YES;
				CLANG_WARN_DEPRECATED_OBJC_IMPLEMENTATIONS = YES;
				CLANG_WARN_DIRECT_OBJC_ISA_USAGE = YES_ERROR;
				CLANG_WARN_DOCUMENTATION_COMMENTS = YES;
				CLANG_WARN_EMPTY_BODY = YES;
				CLANG_WARN_ENUM_CONVERSION = YES;
				CLANG_WARN_INFINITE_RECURSION = YES;
				CLANG_WARN_INT_CONVERSION = YES;
				CLANG_WARN_NON_LITERAL_NULL_CONVERSION = YES;
				CLANG_WARN_OBJC_IMPLICIT_RETAIN_SELF = YES;
				CLANG_WARN_OBJC_LITERAL_CONVERSION = YES;
				CLANG_WARN_OBJC_ROOT_CLASS = YES_ERROR;
				CLANG_WARN_QUOTED_INCLUDE_IN_FRAMEWORK_HEADER = YES;
				CLANG_WARN_RANGE_LOOP_ANALYSIS = YES;
				CLANG_WARN_STRICT_PROTOTYPES = YES;
				CLANG_WARN_SUSPICIOUS_MOVE = YES;
				CLANG_WARN_UNGUARDED_AVAILABILITY = YES_AGGRESSIVE;
				CLANG_WARN_UNREACHABLE_CODE = YES;
				CLANG_WARN__DUPLICATE_METHOD_MATCH = YES;
				COPY_PHASE_STRIP = NO;
				DEBUG_INFORMATION_FORMAT = dwarf;
				ENABLE_STRICT_OBJC_MSGSEND = YES;
				ENABLE_TESTABILITY = YES;
				ENABLE_USER_SCRIPT_SANDBOXING = YES;
				GCC_C_LANGUAGE_STANDARD = gnu17;
				GCC_DYNAMIC_NO_PIC = NO;
				GCC_NO_COMMON_BLOCKS = YES;
				GCC_OPTIMIZATION_LEVEL = 0;
				GCC_PREPROCESSOR_DEFINITIONS = (
					"DEBUG=1",
					"$(inherited)",
				);
				GCC_WARN_64_TO_32_BIT_CONVERSION = YES;
				GCC_WARN_ABOUT_RETURN_TYPE = YES_ERROR;
				GCC_WARN_UNDECLARED_SELECTOR = YES;
				GCC_WARN_UNINITIALIZED_AUTOS = YES_AGGRESSIVE;
				GCC_WARN_UNUSED_FUNCTION = YES;
				GCC_WARN_UNUSED_VARIABLE = YES;
				LOCALIZATION_PREFERS_STRING_CATALOGS = YES;
				MTL_ENABLE_DEBUG_INFO = INCLUDE_SOURCE;
				MTL_FAST_MATH = YES;
				ONLY_ACTIVE_ARCH = YES;
				SWIFT_ACTIVE_COMPILATION_CONDITIONS = "DEBUG $(inherited)";
				SWIFT_EMIT_LOC_STRINGS = YES;
				SWIFT_OPTIMIZATION_LEVEL = "-Onone";
			};
			name = Debug;
		};
		86F388522B9DEBFF001B93E3 /* Release */ = {
			isa = XCBuildConfiguration;
			buildSettings = {
				ALWAYS_SEARCH_USER_PATHS = NO;
				ASSETCATALOG_COMPILER_GENERATE_SWIFT_ASSET_SYMBOL_EXTENSIONS = YES;
				CLANG_ANALYZER_NONNULL = YES;
				CLANG_ANALYZER_NUMBER_OBJECT_CONVERSION = YES_AGGRESSIVE;
				CLANG_CXX_LANGUAGE_STANDARD = "gnu++20";
				CLANG_ENABLE_MODULES = YES;
				CLANG_ENABLE_OBJC_ARC = YES;
				CLANG_ENABLE_OBJC_WEAK = YES;
				CLANG_WARN_BLOCK_CAPTURE_AUTORELEASING = YES;
				CLANG_WARN_BOOL_CONVERSION = YES;
				CLANG_WARN_COMMA = YES;
				CLANG_WARN_CONSTANT_CONVERSION = YES;
				CLANG_WARN_DEPRECATED_OBJC_IMPLEMENTATIONS = YES;
				CLANG_WARN_DIRECT_OBJC_ISA_USAGE = YES_ERROR;
				CLANG_WARN_DOCUMENTATION_COMMENTS = YES;
				CLANG_WARN_EMPTY_BODY = YES;
				CLANG_WARN_ENUM_CONVERSION = YES;
				CLANG_WARN_INFINITE_RECURSION = YES;
				CLANG_WARN_INT_CONVERSION = YES;
				CLANG_WARN_NON_LITERAL_NULL_CONVERSION = YES;
				CLANG_WARN_OBJC_IMPLICIT_RETAIN_SELF = YES;
				CLANG_WARN_OBJC_LITERAL_CONVERSION = YES;
				CLANG_WARN_OBJC_ROOT_CLASS = YES_ERROR;
				CLANG_WARN_QUOTED_INCLUDE_IN_FRAMEWORK_HEADER = YES;
				CLANG_WARN_RANGE_LOOP_ANALYSIS = YES;
				CLANG_WARN_STRICT_PROTOTYPES = YES;
				CLANG_WARN_SUSPICIOUS_MOVE = YES;
				CLANG_WARN_UNGUARDED_AVAILABILITY = YES_AGGRESSIVE;
				CLANG_WARN_UNREACHABLE_CODE = YES;
				CLANG_WARN__DUPLICATE_METHOD_MATCH = YES;
				COPY_PHASE_STRIP = NO;
				DEBUG_INFORMATION_FORMAT = "dwarf-with-dsym";
				ENABLE_NS_ASSERTIONS = NO;
				ENABLE_STRICT_OBJC_MSGSEND = YES;
				ENABLE_USER_SCRIPT_SANDBOXING = YES;
				GCC_C_LANGUAGE_STANDARD = gnu17;
				GCC_NO_COMMON_BLOCKS = YES;
				GCC_WARN_64_TO_32_BIT_CONVERSION = YES;
				GCC_WARN_ABOUT_RETURN_TYPE = YES_ERROR;
				GCC_WARN_UNDECLARED_SELECTOR = YES;
				GCC_WARN_UNINITIALIZED_AUTOS = YES_AGGRESSIVE;
				GCC_WARN_UNUSED_FUNCTION = YES;
				GCC_WARN_UNUSED_VARIABLE = YES;
				LOCALIZATION_PREFERS_STRING_CATALOGS = YES;
				MTL_ENABLE_DEBUG_INFO = NO;
				MTL_FAST_MATH = YES;
				SWIFT_COMPILATION_MODE = wholemodule;
				SWIFT_EMIT_LOC_STRINGS = YES;
			};
			name = Release;
		};
		86F388542B9DEBFF001B93E3 /* Debug */ = {
			isa = XCBuildConfiguration;
			buildSettings = {
				ASSETCATALOG_COMPILER_APPICON_NAME = AppIcon;
				ASSETCATALOG_COMPILER_GLOBAL_ACCENT_COLOR_NAME = AccentColor;
				CODE_SIGN_ENTITLEMENTS = OtherApps/OtherApps.entitlements;
				CODE_SIGN_STYLE = Automatic;
				CURRENT_PROJECT_VERSION = 1;
				DEVELOPMENT_ASSET_PATHS = "\"OtherApps/Preview Content\"";
				DEVELOPMENT_TEAM = "";
				ENABLE_PREVIEWS = YES;
				GENERATE_INFOPLIST_FILE = YES;
				"INFOPLIST_KEY_UIApplicationSceneManifest_Generation[sdk=iphoneos*]" = YES;
				"INFOPLIST_KEY_UIApplicationSceneManifest_Generation[sdk=iphonesimulator*]" = YES;
				"INFOPLIST_KEY_UIApplicationSupportsIndirectInputEvents[sdk=iphoneos*]" = YES;
				"INFOPLIST_KEY_UIApplicationSupportsIndirectInputEvents[sdk=iphonesimulator*]" = YES;
				"INFOPLIST_KEY_UILaunchScreen_Generation[sdk=iphoneos*]" = YES;
				"INFOPLIST_KEY_UILaunchScreen_Generation[sdk=iphonesimulator*]" = YES;
				"INFOPLIST_KEY_UIStatusBarStyle[sdk=iphoneos*]" = UIStatusBarStyleDefault;
				"INFOPLIST_KEY_UIStatusBarStyle[sdk=iphonesimulator*]" = UIStatusBarStyleDefault;
				INFOPLIST_KEY_UISupportedInterfaceOrientations_iPad = "UIInterfaceOrientationPortrait UIInterfaceOrientationPortraitUpsideDown UIInterfaceOrientationLandscapeLeft UIInterfaceOrientationLandscapeRight";
				INFOPLIST_KEY_UISupportedInterfaceOrientations_iPhone = "UIInterfaceOrientationPortrait UIInterfaceOrientationLandscapeLeft UIInterfaceOrientationLandscapeRight";
				IPHONEOS_DEPLOYMENT_TARGET = 17.2;
				LD_RUNPATH_SEARCH_PATHS = "@executable_path/Frameworks";
				"LD_RUNPATH_SEARCH_PATHS[sdk=macosx*]" = "@executable_path/../Frameworks";
				MACOSX_DEPLOYMENT_TARGET = 13.6;
				MARKETING_VERSION = 1.0;
				PRODUCT_BUNDLE_IDENTIFIER = jp.otherApps;
				PRODUCT_NAME = "$(TARGET_NAME)";
				SDKROOT = auto;
				SUPPORTED_PLATFORMS = "iphoneos iphonesimulator macosx";
				SWIFT_EMIT_LOC_STRINGS = YES;
				SWIFT_VERSION = 5.0;
				TARGETED_DEVICE_FAMILY = "1,2";
			};
			name = Debug;
		};
		86F388552B9DEBFF001B93E3 /* Release */ = {
			isa = XCBuildConfiguration;
			buildSettings = {
				ASSETCATALOG_COMPILER_APPICON_NAME = AppIcon;
				ASSETCATALOG_COMPILER_GLOBAL_ACCENT_COLOR_NAME = AccentColor;
				CODE_SIGN_ENTITLEMENTS = OtherApps/OtherApps.entitlements;
				CODE_SIGN_STYLE = Automatic;
				CURRENT_PROJECT_VERSION = 1;
				DEVELOPMENT_ASSET_PATHS = "\"OtherApps/Preview Content\"";
				DEVELOPMENT_TEAM = "";
				ENABLE_PREVIEWS = YES;
				GENERATE_INFOPLIST_FILE = YES;
				"INFOPLIST_KEY_UIApplicationSceneManifest_Generation[sdk=iphoneos*]" = YES;
				"INFOPLIST_KEY_UIApplicationSceneManifest_Generation[sdk=iphonesimulator*]" = YES;
				"INFOPLIST_KEY_UIApplicationSupportsIndirectInputEvents[sdk=iphoneos*]" = YES;
				"INFOPLIST_KEY_UIApplicationSupportsIndirectInputEvents[sdk=iphonesimulator*]" = YES;
				"INFOPLIST_KEY_UILaunchScreen_Generation[sdk=iphoneos*]" = YES;
				"INFOPLIST_KEY_UILaunchScreen_Generation[sdk=iphonesimulator*]" = YES;
				"INFOPLIST_KEY_UIStatusBarStyle[sdk=iphoneos*]" = UIStatusBarStyleDefault;
				"INFOPLIST_KEY_UIStatusBarStyle[sdk=iphonesimulator*]" = UIStatusBarStyleDefault;
				INFOPLIST_KEY_UISupportedInterfaceOrientations_iPad = "UIInterfaceOrientationPortrait UIInterfaceOrientationPortraitUpsideDown UIInterfaceOrientationLandscapeLeft UIInterfaceOrientationLandscapeRight";
				INFOPLIST_KEY_UISupportedInterfaceOrientations_iPhone = "UIInterfaceOrientationPortrait UIInterfaceOrientationLandscapeLeft UIInterfaceOrientationLandscapeRight";
				IPHONEOS_DEPLOYMENT_TARGET = 17.2;
				LD_RUNPATH_SEARCH_PATHS = "@executable_path/Frameworks";
				"LD_RUNPATH_SEARCH_PATHS[sdk=macosx*]" = "@executable_path/../Frameworks";
				MACOSX_DEPLOYMENT_TARGET = 13.6;
				MARKETING_VERSION = 1.0;
				PRODUCT_BUNDLE_IDENTIFIER = jp.otherApps;
				PRODUCT_NAME = "$(TARGET_NAME)";
				SDKROOT = auto;
				SUPPORTED_PLATFORMS = "iphoneos iphonesimulator macosx";
				SWIFT_EMIT_LOC_STRINGS = YES;
				SWIFT_VERSION = 5.0;
				TARGETED_DEVICE_FAMILY = "1,2";
			};
			name = Release;
		};
/* End XCBuildConfiguration section */

/* Begin XCConfigurationList section */
		86F3883F2B9DEBFD001B93E3 /* Build configuration list for PBXProject "OtherApps" */ = {
			isa = XCConfigurationList;
			buildConfigurations = (
				86F388512B9DEBFF001B93E3 /* Debug */,
				86F388522B9DEBFF001B93E3 /* Release */,
			);
			defaultConfigurationIsVisible = 0;
			defaultConfigurationName = Release;
		};
		86F388532B9DEBFF001B93E3 /* Build configuration list for PBXNativeTarget "OtherApps" */ = {
			isa = XCConfigurationList;
			buildConfigurations = (
				86F388542B9DEBFF001B93E3 /* Debug */,
				86F388552B9DEBFF001B93E3 /* Release */,
			);
			defaultConfigurationIsVisible = 0;
			defaultConfigurationName = Release;
		};
/* End XCConfigurationList section */
	};
	rootObject = 86F3883C2B9DEBFD001B93E3 /* Project object */;
}
